
Microsoft Visual Studio Solution File, Format Version 12.00
# Visual Studio Version 16
VisualStudioVersion = 16.0.29519.181
MinimumVisualStudioVersion = 10.0.40219.1
Project("{9A19103F-16F7-4668-BE54-9A1E7A4F7556}") = "WebDriverFinalTask", "WebDriverFinalTask\WebDriverFinalTask.csproj", "{01AE38B6-70DC-4EAD-97E0-1171A0DCD7DD}"
EndProject
Global
	GlobalSection(SolutionConfigurationPlatforms) = preSolution
		Debug|Any CPU = Debug|Any CPU
		Release|Any CPU = Release|Any CPU
	EndGlobalSection
	GlobalSection(ProjectConfigurationPlatforms) = postSolution
		{01AE38B6-70DC-4EAD-97E0-1171A0DCD7DD}.Debug|Any CPU.ActiveCfg = Debug|Any CPU
		{01AE38B6-70DC-4EAD-97E0-1171A0DCD7DD}.Debug|Any CPU.Build.0 = Debug|Any CPU
		{01AE38B6-70DC-4EAD-97E0-1171A0DCD7DD}.Release|Any CPU.ActiveCfg = Release|Any CPU
		{01AE38B6-70DC-4EAD-97E0-1171A0DCD7DD}.Release|Any CPU.Build.0 = Release|Any CPU
	EndGlobalSection
	GlobalSection(SolutionProperties) = preSolution
		HideSolutionNode = FALSE
	EndGlobalSection
	GlobalSection(ExtensibilityGlobals) = postSolution
		SolutionGuid = {5D841007-EE74-4AB0-A99C-D010817FCA17}
	EndGlobalSection
EndGlobal
